
Microsoft Visual Studio Solution File, Format Version 12.00
# Visual Studio 14
VisualStudioVersion = 14.0.25420.1
MinimumVisualStudioVersion = 10.0.40219.1
Project("{FAE04EC0-301F-11D3-BF4B-00C04F79EFBC}") = "Simple", "Simple\Simple.csproj", "{F89A1AC9-C5F2-4065-8FF6-517096275974}"
EndProject
Project("{FAE04EC0-301F-11D3-BF4B-00C04F79EFBC}") = "Simple.Tests", "Simple.Tests\Simple.Tests.csproj", "{93E16712-936F-43BF-BAD3-04B10B4DED4F}"
EndProject
Global
	GlobalSection(SolutionConfigurationPlatforms) = preSolution
		Debug|Any CPU = Debug|Any CPU
		Release|Any CPU = Release|Any CPU
	EndGlobalSection
	GlobalSection(ProjectConfigurationPlatforms) = postSolution
		{F89A1AC9-C5F2-4065-8FF6-517096275974}.Debug|Any CPU.ActiveCfg = Debug|Any CPU
		{F89A1AC9-C5F2-4065-8FF6-517096275974}.Debug|Any CPU.Build.0 = Debug|Any CPU
		{F89A1AC9-C5F2-4065-8FF6-517096275974}.Release|Any CPU.ActiveCfg = Release|Any CPU
		{F89A1AC9-C5F2-4065-8FF6-517096275974}.Release|Any CPU.Build.0 = Release|Any CPU
		{93E16712-936F-43BF-BAD3-04B10B4DED4F}.Debug|Any CPU.ActiveCfg = Debug|Any CPU
		{93E16712-936F-43BF-BAD3-04B10B4DED4F}.Debug|Any CPU.Build.0 = Debug|Any CPU
		{93E16712-936F-43BF-BAD3-04B10B4DED4F}.Release|Any CPU.ActiveCfg = Release|Any CPU
		{93E16712-936F-43BF-BAD3-04B10B4DED4F}.Release|Any CPU.Build.0 = Release|Any CPU
	EndGlobalSection
	GlobalSection(SolutionProperties) = preSolution
		HideSolutionNode = FALSE
	EndGlobalSection
EndGlobal
