
Microsoft Visual Studio Solution File, Format Version 12.00
# Visual Studio 14
VisualStudioVersion = 14.0.25420.1
MinimumVisualStudioVersion = 10.0.40219.1
Project("{FAE04EC0-301F-11D3-BF4B-00C04F79EFBC}") = "StudycaseRPL", "StudycaseRPL\StudycaseRPL.csproj", "{AFF45578-2664-4BC7-B0C1-9AE742DEDC52}"
EndProject
Project("{FAE04EC0-301F-11D3-BF4B-00C04F79EFBC}") = "StudycaseRPL.Tests", "StudycaseRPL.Tests\StudycaseRPL.Tests.csproj", "{19F077CD-2994-4975-B8EF-BF54F69B01EA}"
EndProject
Global
	GlobalSection(SolutionConfigurationPlatforms) = preSolution
		Debug|Any CPU = Debug|Any CPU
		Release|Any CPU = Release|Any CPU
	EndGlobalSection
	GlobalSection(ProjectConfigurationPlatforms) = postSolution
		{AFF45578-2664-4BC7-B0C1-9AE742DEDC52}.Debug|Any CPU.ActiveCfg = Debug|Any CPU
		{AFF45578-2664-4BC7-B0C1-9AE742DEDC52}.Debug|Any CPU.Build.0 = Debug|Any CPU
		{AFF45578-2664-4BC7-B0C1-9AE742DEDC52}.Release|Any CPU.ActiveCfg = Release|Any CPU
		{AFF45578-2664-4BC7-B0C1-9AE742DEDC52}.Release|Any CPU.Build.0 = Release|Any CPU
		{19F077CD-2994-4975-B8EF-BF54F69B01EA}.Debug|Any CPU.ActiveCfg = Debug|Any CPU
		{19F077CD-2994-4975-B8EF-BF54F69B01EA}.Debug|Any CPU.Build.0 = Debug|Any CPU
		{19F077CD-2994-4975-B8EF-BF54F69B01EA}.Release|Any CPU.ActiveCfg = Release|Any CPU
		{19F077CD-2994-4975-B8EF-BF54F69B01EA}.Release|Any CPU.Build.0 = Release|Any CPU
	EndGlobalSection
	GlobalSection(SolutionProperties) = preSolution
		HideSolutionNode = FALSE
	EndGlobalSection
EndGlobal
